{
    "name": "Node.js-Web-Programming-Package-Online",
    "lockfileVersion": 2,
    "requires": true,
    "packages": {
        "": {
            "dependencies": {
                "@connor_/fc21-test-pkg": "file:fc21-test-pkg"
            }
        },
        "fc21-test-pkg": {
            "name": "@connor_/fc21-test-pkg",
            "version": "0.1.0"
        },
        "node_modules/@connor_/fc21-test-pkg": {
            "resolved": "fc21-test-pkg",
            "link": true
        }
    },
    "dependencies": {
        "@connor_/fc21-test-pkg": {
            "version": "file:fc21-test-pkg"
        }
    }
}
