{
    "name": "Node.js-Web-Programming-Package-Online",
    "lockfileVersion": 2,
    "requires": true,
    "packages": {
        "": {
            "dependencies": {
                "@connor_/fc21-test-pkg": "^0.1.0"
            }
        },
        "fc21-test-pkg": {
            "name": "@connor_/fc21-test-pkg",
            "version": "0.1.0",
            "extraneous": true
        },
        "node_modules/@connor_/fc21-test-pkg": {
            "version": "0.1.0",
            "resolved": "https://registry.npmjs.org/@connor_/fc21-test-pkg/-/fc21-test-pkg-0.1.0.tgz",
            "integrity": "sha512-hnJATk8W77cv11CGbsk2hKvA62hjaw5oxatV5A/Xk49yFXZKfn6ISk9FnAuwfjQT08UXub2CStHYAsq2FGVzCw=="
        }
    },
    "dependencies": {
        "@connor_/fc21-test-pkg": {
            "version": "0.1.0",
            "resolved": "https://registry.npmjs.org/@connor_/fc21-test-pkg/-/fc21-test-pkg-0.1.0.tgz",
            "integrity": "sha512-hnJATk8W77cv11CGbsk2hKvA62hjaw5oxatV5A/Xk49yFXZKfn6ISk9FnAuwfjQT08UXub2CStHYAsq2FGVzCw=="
        }
    }
}
