# THIS IS AN AUTOGENERATED FILE. DO NOT EDIT THIS FILE DIRECTLY.
# yarn lockfile v1


decamelize@5.0.0:
  version "5.0.0"
  resolved "https://registry.yarnpkg.com/decamelize/-/decamelize-5.0.0.tgz#88358157b010ef133febfd27c18994bd80c6215b"
  integrity sha512-U75DcT5hrio3KNtvdULAWnLiAPbFUC4191ldxMmj4FA/mRuBnmDwU0boNfPyFRhnan+Jm+haLeSn3P0afcBn4w==
